# @package _global_

# to execute this experiment run:
# python run.py experiment=roberta_base.yaml

defaults:
  - override /trainer: ddp.yaml # choose trainer from 'configs/trainer/'
  - override /task: default.yaml
  - override /data: textblock.yaml
  - override /callbacks: default.yaml
  - override /logger: csv_wandb.yaml

# all parameters below will be merged with parameters from default configurations set above
# this allows you to overwrite only specified parameters

project: compress_gpt2
seed: 12345
batch_size: 1
resume: null

trainer:
  max_steps: 50000
  max_epochs: ${trainer.max_steps}
  devices: [2, 3]
  precision: bf16
  accumulate_grad_batches: 32
  val_check_interval: 2000
  gradient_clip_val: 5.

task:
  _target_: src.tasks.compress.PrefixCompressStateTask
  model: 
    _target_: src.models.compress.GPT2AttnBlockCompression
    pretrained_model:
      _target_: transformers.GPT2LMHeadModel.from_pretrained
      pretrained_model_name_or_path: "MBZUAI/LaMini-GPT-1.5B"
    input_size: 1600
    hidden_size: 64
    intermediate_size: 256
    num_heads: 2
    ratio: 1.25
    num_blocks: 1
    reduction_layer: last
    reduction_mode: avg
    # max_position_embeddings: 1024
    residual: false
    wrap_pretrained: false
  state_type: past_key_values
  compression_steps: 1
  prefix_length: 
    - 512
    - 768
  compile_model: false
  enable_tf32: true
  objective: distill
  optimizer:
    _target_: src.optim.OptimConfig.instantiate
    optimizer:
      _target_: torch.optim.AdamW
      betas:
        - 0.9
        - 0.95
      eps: 1e-6
      weight_decay: 0.01
      lr: 1e-3
    optimizer_filters:
      - filter:
          _target_: src.optim.filter.OnlyBiasLN
          exclude: true
      - filter:
          _target_: src.optim.filter.OnlyBiasLN
        skip_scale: true
        weight_decay: 0.0          
    lr_scheduler:
      _target_: src.optim.scheduler.LinearWarmUpDecay
      lr: 1e-3
      init_lr: 1e-5
      warmup_steps: 500
      total_steps: ${trainer.max_steps}
    interval: step    

data:
  train:
    dataset:
      data_dir: /home/ehoffer/Pytorch/nanoGPT/data/openwebtext
      seq_length: 1024
      random_position: true
    loader:
      batch_size: ${batch_size}
      num_workers: 8
      pin_memory: true
  val:
    dataset:
      data_dir: ${data.train.dataset.data_dir}
      seq_length: ${data.train.dataset.seq_length}
    loader:
      batch_size: ${batch_size}
      num_workers: 8
      pin_memory: true


callbacks:
  model_checkpoint:
    monitor: "loss/val" 

